cloud.google.com/go v0.110.6 h1:8uYAkj3YHTP/1iwReuHPxLSbdcyc+dSBbzFMrVwDR6Q=
cloud.google.com/go v0.110.6/go.mod h1:+EYjdK8e5RME/VY/qLCAtuyALQ9q67dvuum8i+H5xsI=
github.com/alpacahq/alpaca-trade-api-go/v3 v3.0.1 h1:BqdTxSOfl24WlYeVOQPC+miIrdnQ0YHgPSzAjYTkugg=
github.com/alpacahq/alpaca-trade-api-go/v3 v3.0.1/go.mod h1:fHJ2CAVt9we4wKmwcSB7az1vZeTQUMC99y4l183Q5WQ=
github.com/josharian/intern v1.0.0 h1:vlS4z54oSdjm0bgjRigI+G1HpF+tI+9rE5LLzOg8HmY=
github.com/josharian/intern v1.0.0/go.mod h1:5DoeVV0s6jJacbCEi61lwdGj/aVlrQvzHFFd8Hwg//Y=
github.com/mailru/easyjson v0.7.7 h1:UGYAvKxe3sBsEDzO8ZeWOSlIQfWFlxbzLZe7hwFURr0=
github.com/mailru/easyjson v0.7.7/go.mod h1:xzfreul335JAWq5oZzymOObrkdz5UnU4kGfJJLY9Nlc=
github.com/pmezard/go-difflib v1.0.0/go.mod h1:iKH77koFhYxTK1pcRnkKkqfTogsbg7gZNVY4sRDYZ/4=
github.com/shopspring/decimal v1.3.1 h1:2Usl1nmF/WZucqkFZhnfFYxxxu8LG21F6nPQBE5gKV8=
github.com/shopspring/decimal v1.3.1/go.mod h1:DKyhrW/HYNuLGql+MJL6WCR6knT2jwCFRcu2hWCYk4o=
google.golang.org/appengine v1.6.7/go.mod h1:8WjMMxjGQR8xUklV/ARdw2HLXBOI7O7uCIDZVag1xfc=
